
Microsoft Visual Studio Solution File, Format Version 12.00
# Visual Studio Version 18
VisualStudioVersion = 18.7.11811.120
MinimumVisualStudioVersion = 10.0.40219.1
Project("{FAE04EC0-301F-11D3-BF4B-00C04F79EFBC}") = "His.Hope.SharedKernel", "src\Shared\SharedKernel\Src\His.Hope.SharedKernel\His.Hope.SharedKernel.csproj", "{A1B2C3D4-E5F6-7890-ABCD-EF1234567890}"
EndProject
Project("{FAE04EC0-301F-11D3-BF4B-00C04F79EFBC}") = "His.Hope.EventBus", "src\Shared\EventBus\Src\His.Hope.EventBus\His.Hope.EventBus.csproj", "{B2C3D4E5-F6A7-8901-BCDE-F12345678901}"
EndProject
Project("{FAE04EC0-301F-11D3-BF4B-00C04F79EFBC}") = "PatientService.Domain", "src\Services\PatientService\PatientService.Domain\PatientService.Domain.csproj", "{C3D4E5F6-A7B8-9012-CDEF-123456789012}"
EndProject
Project("{FAE04EC0-301F-11D3-BF4B-00C04F79EFBC}") = "PatientService.Application", "src\Services\PatientService\PatientService.Application\PatientService.Application.csproj", "{D4E5F6A7-B8C9-0123-DEF1-234567890123}"
EndProject
Project("{FAE04EC0-301F-11D3-BF4B-00C04F79EFBC}") = "PatientService.Infrastructure", "src\Services\PatientService\PatientService.Infrastructure\PatientService.Infrastructure.csproj", "{E5F6A7B8-C9D0-1234-EF12-345678901234}"
EndProject
Project("{FAE04EC0-301F-11D3-BF4B-00C04F79EFBC}") = "PatientService.Api", "src\Services\PatientService\PatientService.Api\PatientService.Api.csproj", "{F6A7B8C9-D0E1-2345-F123-456789012345}"
EndProject
Project("{FAE04EC0-301F-11D3-BF4B-00C04F79EFBC}") = "IdentityService.Domain", "src\Services\IdentityService\IdentityService.Domain\IdentityService.Domain.csproj", "{A7B8C9D0-E1F2-3456-1234-567890123456}"
EndProject
Project("{FAE04EC0-301F-11D3-BF4B-00C04F79EFBC}") = "IdentityService.Application", "src\Services\IdentityService\IdentityService.Application\IdentityService.Application.csproj", "{B8C9D0E1-F2A3-4567-2345-678901234567}"
EndProject
Project("{FAE04EC0-301F-11D3-BF4B-00C04F79EFBC}") = "IdentityService.Infrastructure", "src\Services\IdentityService\IdentityService.Infrastructure\IdentityService.Infrastructure.csproj", "{C9D0E1F2-A3B4-5678-3456-789012345678}"
EndProject
Project("{FAE04EC0-301F-11D3-BF4B-00C04F79EFBC}") = "IdentityService.Api", "src\Services\IdentityService\IdentityService.Api\IdentityService.Api.csproj", "{D0E1F2A3-B4C5-6789-4567-890123456789}"
EndProject
Project("{FAE04EC0-301F-11D3-BF4B-00C04F79EFBC}") = "AppointmentService.Domain", "src\Services\AppointmentService\AppointmentService.Domain\AppointmentService.Domain.csproj", "{E1F2A3B4-C5D6-7890-5678-901234567890}"
EndProject
Project("{FAE04EC0-301F-11D3-BF4B-00C04F79EFBC}") = "AppointmentService.Application", "src\Services\AppointmentService\AppointmentService.Application\AppointmentService.Application.csproj", "{F2A3B4C5-D6E7-8901-6789-012345678901}"
EndProject
Project("{FAE04EC0-301F-11D3-BF4B-00C04F79EFBC}") = "AppointmentService.Infrastructure", "src\Services\AppointmentService\AppointmentService.Infrastructure\AppointmentService.Infrastructure.csproj", "{A3B4C5D6-E7F8-9012-7890-123456789012}"
EndProject
Project("{FAE04EC0-301F-11D3-BF4B-00C04F79EFBC}") = "AppointmentService.Api", "src\Services\AppointmentService\AppointmentService.Api\AppointmentService.Api.csproj", "{B4C5D6E7-F8A9-0123-8901-234567890123}"
EndProject
Project("{FAE04EC0-301F-11D3-BF4B-00C04F79EFBC}") = "ClinicalService.Domain", "src\Services\ClinicalService\ClinicalService.Domain\ClinicalService.Domain.csproj", "{C5D6E7F8-A9B0-1234-9012-345678901234}"
EndProject
Project("{FAE04EC0-301F-11D3-BF4B-00C04F79EFBC}") = "ClinicalService.Application", "src\Services\ClinicalService\ClinicalService.Application\ClinicalService.Application.csproj", "{D6E7F8A9-B0C1-2345-0123-456789012345}"
EndProject
Project("{FAE04EC0-301F-11D3-BF4B-00C04F79EFBC}") = "ClinicalService.Infrastructure", "src\Services\ClinicalService\ClinicalService.Infrastructure\ClinicalService.Infrastructure.csproj", "{E7F8A9B0-C1D2-3456-1234-567890123456}"
EndProject
Project("{FAE04EC0-301F-11D3-BF4B-00C04F79EFBC}") = "ClinicalService.Api", "src\Services\ClinicalService\ClinicalService.Api\ClinicalService.Api.csproj", "{F8A9B0C1-D2E3-4567-2345-678901234567}"
EndProject
Project("{FAE04EC0-301F-11D3-BF4B-00C04F79EFBC}") = "PharmacyService.Domain", "src\Services\PharmacyService\PharmacyService.Domain\PharmacyService.Domain.csproj", "{A9B0C1D2-E3F4-5678-3456-789012345678}"
EndProject
Project("{FAE04EC0-301F-11D3-BF4B-00C04F79EFBC}") = "PharmacyService.Application", "src\Services\PharmacyService\PharmacyService.Application\PharmacyService.Application.csproj", "{B0C1D2E3-F4A5-6789-4567-890123456789}"
EndProject
Project("{FAE04EC0-301F-11D3-BF4B-00C04F79EFBC}") = "PharmacyService.Infrastructure", "src\Services\PharmacyService\PharmacyService.Infrastructure\PharmacyService.Infrastructure.csproj", "{C1D2E3F4-A5B6-7890-5678-901234567890}"
EndProject
Project("{FAE04EC0-301F-11D3-BF4B-00C04F79EFBC}") = "PharmacyService.Api", "src\Services\PharmacyService\PharmacyService.Api\PharmacyService.Api.csproj", "{D2E3F4A5-B6C7-8901-6789-012345678901}"
EndProject
Project("{FAE04EC0-301F-11D3-BF4B-00C04F79EFBC}") = "LabService.Domain", "src\Services\LabService\LabService.Domain\LabService.Domain.csproj", "{E3F4A5B6-C7D8-9012-7890-123456789012}"
EndProject
Project("{FAE04EC0-301F-11D3-BF4B-00C04F79EFBC}") = "LabService.Application", "src\Services\LabService\LabService.Application\LabService.Application.csproj", "{F4A5B6C7-D8E9-0123-8901-234567890123}"
EndProject
Project("{FAE04EC0-301F-11D3-BF4B-00C04F79EFBC}") = "LabService.Infrastructure", "src\Services\LabService\LabService.Infrastructure\LabService.Infrastructure.csproj", "{A5B6C7D8-E9F0-1234-9012-345678901234}"
EndProject
Project("{FAE04EC0-301F-11D3-BF4B-00C04F79EFBC}") = "LabService.Api", "src\Services\LabService\LabService.Api\LabService.Api.csproj", "{B6C7D8E9-F0A1-2345-0123-456789012345}"
EndProject
Project("{2150E333-8FDC-42A3-9474-1A3956D46DE8}") = "tests", "tests", "{0AB3BF05-4346-4AA6-1389-037BE0695223}"
EndProject
Project("{2150E333-8FDC-42A3-9474-1A3956D46DE8}") = "Services", "Services", "{4353066B-F410-E540-F593-55E469B78A5F}"
EndProject
Project("{2150E333-8FDC-42A3-9474-1A3956D46DE8}") = "ClinicalService", "ClinicalService", "{7BE21DB9-267A-1014-CD2A-93E305C40E0A}"
EndProject
Project("{FAE04EC0-301F-11D3-BF4B-00C04F79EFBC}") = "ClinicalService.Domain.Tests", "tests\Services\ClinicalService\ClinicalService.Domain.Tests\ClinicalService.Domain.Tests.csproj", "{45AC4FC0-9887-42C5-9887-B4B094023C0E}"
EndProject
Project("{2150E333-8FDC-42A3-9474-1A3956D46DE8}") = "src", "src", "{827E0CD3-B72D-47B6-A68D-7590B98EB39B}"
EndProject
Project("{2150E333-8FDC-42A3-9474-1A3956D46DE8}") = "Services", "Services", "{984BB9B3-3FA3-BE33-9484-CAC21695A33C}"
EndProject
Project("{2150E333-8FDC-42A3-9474-1A3956D46DE8}") = "ClinicalService", "ClinicalService", "{C3735FB6-F550-32C4-9235-FDDD89A9885F}"
EndProject
Project("{2150E333-8FDC-42A3-9474-1A3956D46DE8}") = "Shared", "Shared", "{C8E42992-5E42-0C2B-DBFE-AA848D06431C}"
EndProject
Project("{2150E333-8FDC-42A3-9474-1A3956D46DE8}") = "SharedKernel", "SharedKernel", "{9879F9DB-0392-E7E9-C30F-5253536AFE4A}"
EndProject
Project("{FAE04EC0-301F-11D3-BF4B-00C04F79EFBC}") = "ClinicalService.Application.Tests", "tests\Services\ClinicalService\ClinicalService.Application.Tests\ClinicalService.Application.Tests.csproj", "{2D1290A9-C62E-482B-9677-12170A8E1547}"
EndProject
Project("{2150E333-8FDC-42A3-9474-1A3956D46DE8}") = "PatientService", "PatientService", "{010B4811-FD7D-F170-AFC3-3FB7FCEE323D}"
EndProject
Project("{FAE04EC0-301F-11D3-BF4B-00C04F79EFBC}") = "PatientService.Domain.Tests", "tests\Services\PatientService\PatientService.Domain.Tests\PatientService.Domain.Tests.csproj", "{60A9FCFC-9879-4509-87C7-176D3EF82F61}"
EndProject
Project("{2150E333-8FDC-42A3-9474-1A3956D46DE8}") = "PatientService", "PatientService", "{34760CDF-6AC2-5244-C172-C69719E4E207}"
EndProject
Project("{FAE04EC0-301F-11D3-BF4B-00C04F79EFBC}") = "PatientService.Application.Tests", "tests\Services\PatientService\PatientService.Application.Tests\PatientService.Application.Tests.csproj", "{A9AAA357-484E-47BB-BD5B-F0298FCEAFAA}"
EndProject
Project("{2150E333-8FDC-42A3-9474-1A3956D46DE8}") = "Shared", "Shared", "{D0D6B8B0-AC35-B3FA-0B96-A9B0E4A3253E}"
EndProject
Project("{FAE04EC0-301F-11D3-BF4B-00C04F79EFBC}") = "IntegrationTestBase", "tests\Shared\IntegrationTestBase\IntegrationTestBase.csproj", "{4C05FEA0-E3B0-4D8E-B9E0-8494D6F614F1}"
EndProject
Project("{2150E333-8FDC-42A3-9474-1A3956D46DE8}") = "Validators", "Validators", "{8757DA5E-3E04-5B00-E567-872AC6D709AD}"
EndProject
Project("{FAE04EC0-301F-11D3-BF4B-00C04F79EFBC}") = "ValidatorTests", "tests\Validators\ValidatorTests.csproj", "{6C889C41-2AAD-4861-9F67-15E3047E58C1}"
EndProject
Project("{2150E333-8FDC-42A3-9474-1A3956D46DE8}") = "AppointmentService", "AppointmentService", "{F2AFAB5B-9718-16EF-988A-BBF3181D1F28}"
EndProject
Project("{2150E333-8FDC-42A3-9474-1A3956D46DE8}") = "PharmacyService", "PharmacyService", "{88E5B6C1-6272-84C1-AC39-6D3AC7A529FF}"
EndProject
Project("{2150E333-8FDC-42A3-9474-1A3956D46DE8}") = "LabService", "LabService", "{6997A046-1A35-08BD-B3B3-6C6BF6DC6F92}"
EndProject
Project("{2150E333-8FDC-42A3-9474-1A3956D46DE8}") = "BillingService", "BillingService", "{2AB3B33D-F287-162E-69E2-02D2D15062ED}"
EndProject
Project("{FAE04EC0-301F-11D3-BF4B-00C04F79EFBC}") = "BillingService.Application", "src\Services\BillingService\BillingService.Application\BillingService.Application.csproj", "{D041CE2D-80C9-46FC-A7F2-E9C2786C7B76}"
EndProject
Project("{FAE04EC0-301F-11D3-BF4B-00C04F79EFBC}") = "BillingService.Domain", "src\Services\BillingService\BillingService.Domain\BillingService.Domain.csproj", "{763434D2-4616-410A-BAC5-1104D665ABE3}"
EndProject
Project("{2150E333-8FDC-42A3-9474-1A3956D46DE8}") = "IdentityService", "IdentityService", "{3D2E8631-8982-4CD8-85A8-437089729894}"
EndProject
Project("{FAE04EC0-301F-11D3-BF4B-00C04F79EFBC}") = "SharedKernel.Tests", "tests\Shared\SharedKernel.Tests\SharedKernel.Tests.csproj", "{0122DD01-15C9-4F2A-BD0F-5EA852DF53A6}"
EndProject
Project("{2150E333-8FDC-42A3-9474-1A3956D46DE8}") = "EventBus", "EventBus", "{9D5E2059-588B-4B4D-94BD-81D567FF67DC}"
EndProject
Project("{2150E333-8FDC-42A3-9474-1A3956D46DE8}") = "Infrastructure", "Infrastructure", "{333A58A0-808E-4329-B35A-12B7AA9FBFB1}"
EndProject
Project("{2150E333-8FDC-42A3-9474-1A3956D46DE8}") = "Protos", "Protos", "{3B2EB5DD-36C0-4901-B277-3CA493C77152}"
EndProject
Project("{FAE04EC0-301F-11D3-BF4B-00C04F79EFBC}") = "His.Hope.Infrastructure", "src\Shared\Infrastructure\His.Hope.Infrastructure\His.Hope.Infrastructure.csproj", "{C873B1C1-5D44-35EE-4956-496DF2C2FDD1}"
EndProject
Project("{2150E333-8FDC-42A3-9474-1A3956D46DE8}") = "FhirGateway", "FhirGateway", "{5F510686-A924-C53B-67F8-5DFA51A892B7}"
EndProject
Project("{FAE04EC0-301F-11D3-BF4B-00C04F79EFBC}") = "FhirGateway.Domain", "src\Services\FhirGateway\FhirGateway.Domain\FhirGateway.Domain.csproj", "{48712B31-BD25-40A8-930B-708E2372F605}"
EndProject
Project("{FAE04EC0-301F-11D3-BF4B-00C04F79EFBC}") = "FhirGateway.Application", "src\Services\FhirGateway\FhirGateway.Application\FhirGateway.Application.csproj", "{56B5C956-FB90-4D5D-AEFD-C5E001195845}"
EndProject
Project("{FAE04EC0-301F-11D3-BF4B-00C04F79EFBC}") = "FhirGateway.Api", "src\Services\FhirGateway\FhirGateway.Api\FhirGateway.Api.csproj", "{10BDDA80-EB9B-4E84-ACCE-7ECAABC9149E}"
EndProject
Project("{2150E333-8FDC-42A3-9474-1A3956D46DE8}") = "Contract", "Contract", "{53506FF3-1087-91DB-5731-19A6F3C92276}"
EndProject
Project("{FAE04EC0-301F-11D3-BF4B-00C04F79EFBC}") = "ApiGateway.Contract.Tests", "tests\Contract\ApiGateway.Contract.Tests\ApiGateway.Contract.Tests.csproj", "{B5D9BB0E-82D7-444F-B2CD-DA94DBC47DE4}"
EndProject
Project("{FAE04EC0-301F-11D3-BF4B-00C04F79EFBC}") = "IdentityService.IntegrationTests", "tests\IdentityService\IdentityService.IntegrationTests\IdentityService.IntegrationTests.csproj", "{1A41F0C6-0E0F-4329-90D9-1B353EF8825F}"
EndProject
Project("{2150E333-8FDC-42A3-9474-1A3956D46DE8}") = "IdentityService", "IdentityService", "{271E951F-AB9B-3695-587B-F1CDC16A0E7A}"
EndProject
Project("{FAE04EC0-301F-11D3-BF4B-00C04F79EFBC}") = "IdentityService.Infrastructure.Tests", "tests\Services\IdentityService\IdentityService.Infrastructure.Tests\IdentityService.Infrastructure.Tests.csproj", "{CA6C47C3-27DF-49CC-BFC6-E1199DB153ED}"
EndProject
Global
	GlobalSection(SolutionConfigurationPlatforms) = preSolution
		Debug|Any CPU = Debug|Any CPU
		Debug|x64 = Debug|x64
		Debug|x86 = Debug|x86
		Release|Any CPU = Release|Any CPU
		Release|x64 = Release|x64
		Release|x86 = Release|x86
	EndGlobalSection
	GlobalSection(ProjectConfigurationPlatforms) = postSolution
		{A1B2C3D4-E5F6-7890-ABCD-EF1234567890}.Debug|Any CPU.ActiveCfg = Debug|Any CPU
		{A1B2C3D4-E5F6-7890-ABCD-EF1234567890}.Debug|Any CPU.Build.0 = Debug|Any CPU
		{A1B2C3D4-E5F6-7890-ABCD-EF1234567890}.Debug|x64.ActiveCfg = Debug|Any CPU
		{A1B2C3D4-E5F6-7890-ABCD-EF1234567890}.Debug|x64.Build.0 = Debug|Any CPU
		{A1B2C3D4-E5F6-7890-ABCD-EF1234567890}.Debug|x86.ActiveCfg = Debug|Any CPU
		{A1B2C3D4-E5F6-7890-ABCD-EF1234567890}.Debug|x86.Build.0 = Debug|Any CPU
		{A1B2C3D4-E5F6-7890-ABCD-EF1234567890}.Release|Any CPU.ActiveCfg = Release|Any CPU
		{A1B2C3D4-E5F6-7890-ABCD-EF1234567890}.Release|Any CPU.Build.0 = Release|Any CPU
		{A1B2C3D4-E5F6-7890-ABCD-EF1234567890}.Release|x64.ActiveCfg = Release|Any CPU
		{A1B2C3D4-E5F6-7890-ABCD-EF1234567890}.Release|x64.Build.0 = Release|Any CPU
		{A1B2C3D4-E5F6-7890-ABCD-EF1234567890}.Release|x86.ActiveCfg = Release|Any CPU
		{A1B2C3D4-E5F6-7890-ABCD-EF1234567890}.Release|x86.Build.0 = Release|Any CPU
		{B2C3D4E5-F6A7-8901-BCDE-F12345678901}.Debug|Any CPU.ActiveCfg = Debug|Any CPU
		{B2C3D4E5-F6A7-8901-BCDE-F12345678901}.Debug|Any CPU.Build.0 = Debug|Any CPU
		{B2C3D4E5-F6A7-8901-BCDE-F12345678901}.Debug|x64.ActiveCfg = Debug|Any CPU
		{B2C3D4E5-F6A7-8901-BCDE-F12345678901}.Debug|x64.Build.0 = Debug|Any CPU
		{B2C3D4E5-F6A7-8901-BCDE-F12345678901}.Debug|x86.ActiveCfg = Debug|Any CPU
		{B2C3D4E5-F6A7-8901-BCDE-F12345678901}.Debug|x86.Build.0 = Debug|Any CPU
		{B2C3D4E5-F6A7-8901-BCDE-F12345678901}.Release|Any CPU.ActiveCfg = Release|Any CPU
		{B2C3D4E5-F6A7-8901-BCDE-F12345678901}.Release|Any CPU.Build.0 = Release|Any CPU
		{B2C3D4E5-F6A7-8901-BCDE-F12345678901}.Release|x64.ActiveCfg = Release|Any CPU
		{B2C3D4E5-F6A7-8901-BCDE-F12345678901}.Release|x64.Build.0 = Release|Any CPU
		{B2C3D4E5-F6A7-8901-BCDE-F12345678901}.Release|x86.ActiveCfg = Release|Any CPU
		{B2C3D4E5-F6A7-8901-BCDE-F12345678901}.Release|x86.Build.0 = Release|Any CPU
		{C3D4E5F6-A7B8-9012-CDEF-123456789012}.Debug|Any CPU.ActiveCfg = Debug|Any CPU
		{C3D4E5F6-A7B8-9012-CDEF-123456789012}.Debug|Any CPU.Build.0 = Debug|Any CPU
		{C3D4E5F6-A7B8-9012-CDEF-123456789012}.Debug|x64.ActiveCfg = Debug|Any CPU
		{C3D4E5F6-A7B8-9012-CDEF-123456789012}.Debug|x64.Build.0 = Debug|Any CPU
		{C3D4E5F6-A7B8-9012-CDEF-123456789012}.Debug|x86.ActiveCfg = Debug|Any CPU
		{C3D4E5F6-A7B8-9012-CDEF-123456789012}.Debug|x86.Build.0 = Debug|Any CPU
		{C3D4E5F6-A7B8-9012-CDEF-123456789012}.Release|Any CPU.ActiveCfg = Release|Any CPU
		{C3D4E5F6-A7B8-9012-CDEF-123456789012}.Release|Any CPU.Build.0 = Release|Any CPU
		{C3D4E5F6-A7B8-9012-CDEF-123456789012}.Release|x64.ActiveCfg = Release|Any CPU
		{C3D4E5F6-A7B8-9012-CDEF-123456789012}.Release|x64.Build.0 = Release|Any CPU
		{C3D4E5F6-A7B8-9012-CDEF-123456789012}.Release|x86.ActiveCfg = Release|Any CPU
		{C3D4E5F6-A7B8-9012-CDEF-123456789012}.Release|x86.Build.0 = Release|Any CPU
		{D4E5F6A7-B8C9-0123-DEF1-234567890123}.Debug|Any CPU.ActiveCfg = Debug|Any CPU
		{D4E5F6A7-B8C9-0123-DEF1-234567890123}.Debug|Any CPU.Build.0 = Debug|Any CPU
		{D4E5F6A7-B8C9-0123-DEF1-234567890123}.Debug|x64.ActiveCfg = Debug|Any CPU
		{D4E5F6A7-B8C9-0123-DEF1-234567890123}.Debug|x64.Build.0 = Debug|Any CPU
		{D4E5F6A7-B8C9-0123-DEF1-234567890123}.Debug|x86.ActiveCfg = Debug|Any CPU
		{D4E5F6A7-B8C9-0123-DEF1-234567890123}.Debug|x86.Build.0 = Debug|Any CPU
		{D4E5F6A7-B8C9-0123-DEF1-234567890123}.Release|Any CPU.ActiveCfg = Release|Any CPU
		{D4E5F6A7-B8C9-0123-DEF1-234567890123}.Release|Any CPU.Build.0 = Release|Any CPU
		{D4E5F6A7-B8C9-0123-DEF1-234567890123}.Release|x64.ActiveCfg = Release|Any CPU
		{D4E5F6A7-B8C9-0123-DEF1-234567890123}.Release|x64.Build.0 = Release|Any CPU
		{D4E5F6A7-B8C9-0123-DEF1-234567890123}.Release|x86.ActiveCfg = Release|Any CPU
		{D4E5F6A7-B8C9-0123-DEF1-234567890123}.Release|x86.Build.0 = Release|Any CPU
		{E5F6A7B8-C9D0-1234-EF12-345678901234}.Debug|Any CPU.ActiveCfg = Debug|Any CPU
		{E5F6A7B8-C9D0-1234-EF12-345678901234}.Debug|Any CPU.Build.0 = Debug|Any CPU
		{E5F6A7B8-C9D0-1234-EF12-345678901234}.Debug|x64.ActiveCfg = Debug|Any CPU
		{E5F6A7B8-C9D0-1234-EF12-345678901234}.Debug|x64.Build.0 = Debug|Any CPU
		{E5F6A7B8-C9D0-1234-EF12-345678901234}.Debug|x86.ActiveCfg = Debug|Any CPU
		{E5F6A7B8-C9D0-1234-EF12-345678901234}.Debug|x86.Build.0 = Debug|Any CPU
		{E5F6A7B8-C9D0-1234-EF12-345678901234}.Release|Any CPU.ActiveCfg = Release|Any CPU
		{E5F6A7B8-C9D0-1234-EF12-345678901234}.Release|Any CPU.Build.0 = Release|Any CPU
		{E5F6A7B8-C9D0-1234-EF12-345678901234}.Release|x64.ActiveCfg = Release|Any CPU
		{E5F6A7B8-C9D0-1234-EF12-345678901234}.Release|x64.Build.0 = Release|Any CPU
		{E5F6A7B8-C9D0-1234-EF12-345678901234}.Release|x86.ActiveCfg = Release|Any CPU
		{E5F6A7B8-C9D0-1234-EF12-345678901234}.Release|x86.Build.0 = Release|Any CPU
		{F6A7B8C9-D0E1-2345-F123-456789012345}.Debug|Any CPU.ActiveCfg = Debug|Any CPU
		{F6A7B8C9-D0E1-2345-F123-456789012345}.Debug|Any CPU.Build.0 = Debug|Any CPU
		{F6A7B8C9-D0E1-2345-F123-456789012345}.Debug|x64.ActiveCfg = Debug|Any CPU
		{F6A7B8C9-D0E1-2345-F123-456789012345}.Debug|x64.Build.0 = Debug|Any CPU
		{F6A7B8C9-D0E1-2345-F123-456789012345}.Debug|x86.ActiveCfg = Debug|Any CPU
		{F6A7B8C9-D0E1-2345-F123-456789012345}.Debug|x86.Build.0 = Debug|Any CPU
		{F6A7B8C9-D0E1-2345-F123-456789012345}.Release|Any CPU.ActiveCfg = Release|Any CPU
		{F6A7B8C9-D0E1-2345-F123-456789012345}.Release|Any CPU.Build.0 = Release|Any CPU
		{F6A7B8C9-D0E1-2345-F123-456789012345}.Release|x64.ActiveCfg = Release|Any CPU
		{F6A7B8C9-D0E1-2345-F123-456789012345}.Release|x64.Build.0 = Release|Any CPU
		{F6A7B8C9-D0E1-2345-F123-456789012345}.Release|x86.ActiveCfg = Release|Any CPU
		{F6A7B8C9-D0E1-2345-F123-456789012345}.Release|x86.Build.0 = Release|Any CPU
		{A7B8C9D0-E1F2-3456-1234-567890123456}.Debug|Any CPU.ActiveCfg = Debug|Any CPU
		{A7B8C9D0-E1F2-3456-1234-567890123456}.Debug|Any CPU.Build.0 = Debug|Any CPU
		{A7B8C9D0-E1F2-3456-1234-567890123456}.Debug|x64.ActiveCfg = Debug|Any CPU
		{A7B8C9D0-E1F2-3456-1234-567890123456}.Debug|x64.Build.0 = Debug|Any CPU
		{A7B8C9D0-E1F2-3456-1234-567890123456}.Debug|x86.ActiveCfg = Debug|Any CPU
		{A7B8C9D0-E1F2-3456-1234-567890123456}.Debug|x86.Build.0 = Debug|Any CPU
		{A7B8C9D0-E1F2-3456-1234-567890123456}.Release|Any CPU.ActiveCfg = Release|Any CPU
		{A7B8C9D0-E1F2-3456-1234-567890123456}.Release|Any CPU.Build.0 = Release|Any CPU
		{A7B8C9D0-E1F2-3456-1234-567890123456}.Release|x64.ActiveCfg = Release|Any CPU
		{A7B8C9D0-E1F2-3456-1234-567890123456}.Release|x64.Build.0 = Release|Any CPU
		{A7B8C9D0-E1F2-3456-1234-567890123456}.Release|x86.ActiveCfg = Release|Any CPU
		{A7B8C9D0-E1F2-3456-1234-567890123456}.Release|x86.Build.0 = Release|Any CPU
		{B8C9D0E1-F2A3-4567-2345-678901234567}.Debug|Any CPU.ActiveCfg = Debug|Any CPU
		{B8C9D0E1-F2A3-4567-2345-678901234567}.Debug|Any CPU.Build.0 = Debug|Any CPU
		{B8C9D0E1-F2A3-4567-2345-678901234567}.Debug|x64.ActiveCfg = Debug|Any CPU
		{B8C9D0E1-F2A3-4567-2345-678901234567}.Debug|x64.Build.0 = Debug|Any CPU
		{B8C9D0E1-F2A3-4567-2345-678901234567}.Debug|x86.ActiveCfg = Debug|Any CPU
		{B8C9D0E1-F2A3-4567-2345-678901234567}.Debug|x86.Build.0 = Debug|Any CPU
		{B8C9D0E1-F2A3-4567-2345-678901234567}.Release|Any CPU.ActiveCfg = Release|Any CPU
		{B8C9D0E1-F2A3-4567-2345-678901234567}.Release|Any CPU.Build.0 = Release|Any CPU
		{B8C9D0E1-F2A3-4567-2345-678901234567}.Release|x64.ActiveCfg = Release|Any CPU
		{B8C9D0E1-F2A3-4567-2345-678901234567}.Release|x64.Build.0 = Release|Any CPU
		{B8C9D0E1-F2A3-4567-2345-678901234567}.Release|x86.ActiveCfg = Release|Any CPU
		{B8C9D0E1-F2A3-4567-2345-678901234567}.Release|x86.Build.0 = Release|Any CPU
		{C9D0E1F2-A3B4-5678-3456-789012345678}.Debug|Any CPU.ActiveCfg = Debug|Any CPU
		{C9D0E1F2-A3B4-5678-3456-789012345678}.Debug|Any CPU.Build.0 = Debug|Any CPU
		{C9D0E1F2-A3B4-5678-3456-789012345678}.Debug|x64.ActiveCfg = Debug|Any CPU
		{C9D0E1F2-A3B4-5678-3456-789012345678}.Debug|x64.Build.0 = Debug|Any CPU
		{C9D0E1F2-A3B4-5678-3456-789012345678}.Debug|x86.ActiveCfg = Debug|Any CPU
		{C9D0E1F2-A3B4-5678-3456-789012345678}.Debug|x86.Build.0 = Debug|Any CPU
		{C9D0E1F2-A3B4-5678-3456-789012345678}.Release|Any CPU.ActiveCfg = Release|Any CPU
		{C9D0E1F2-A3B4-5678-3456-789012345678}.Release|Any CPU.Build.0 = Release|Any CPU
		{C9D0E1F2-A3B4-5678-3456-789012345678}.Release|x64.ActiveCfg = Release|Any CPU
		{C9D0E1F2-A3B4-5678-3456-789012345678}.Release|x64.Build.0 = Release|Any CPU
		{C9D0E1F2-A3B4-5678-3456-789012345678}.Release|x86.ActiveCfg = Release|Any CPU
		{C9D0E1F2-A3B4-5678-3456-789012345678}.Release|x86.Build.0 = Release|Any CPU
		{D0E1F2A3-B4C5-6789-4567-890123456789}.Debug|Any CPU.ActiveCfg = Debug|Any CPU
		{D0E1F2A3-B4C5-6789-4567-890123456789}.Debug|Any CPU.Build.0 = Debug|Any CPU
		{D0E1F2A3-B4C5-6789-4567-890123456789}.Debug|x64.ActiveCfg = Debug|Any CPU
		{D0E1F2A3-B4C5-6789-4567-890123456789}.Debug|x64.Build.0 = Debug|Any CPU
		{D0E1F2A3-B4C5-6789-4567-890123456789}.Debug|x86.ActiveCfg = Debug|Any CPU
		{D0E1F2A3-B4C5-6789-4567-890123456789}.Debug|x86.Build.0 = Debug|Any CPU
		{D0E1F2A3-B4C5-6789-4567-890123456789}.Release|Any CPU.ActiveCfg = Release|Any CPU
		{D0E1F2A3-B4C5-6789-4567-890123456789}.Release|Any CPU.Build.0 = Release|Any CPU
		{D0E1F2A3-B4C5-6789-4567-890123456789}.Release|x64.ActiveCfg = Release|Any CPU
		{D0E1F2A3-B4C5-6789-4567-890123456789}.Release|x64.Build.0 = Release|Any CPU
		{D0E1F2A3-B4C5-6789-4567-890123456789}.Release|x86.ActiveCfg = Release|Any CPU
		{D0E1F2A3-B4C5-6789-4567-890123456789}.Release|x86.Build.0 = Release|Any CPU
		{E1F2A3B4-C5D6-7890-5678-901234567890}.Debug|Any CPU.ActiveCfg = Debug|Any CPU
		{E1F2A3B4-C5D6-7890-5678-901234567890}.Debug|Any CPU.Build.0 = Debug|Any CPU
		{E1F2A3B4-C5D6-7890-5678-901234567890}.Debug|x64.ActiveCfg = Debug|Any CPU
		{E1F2A3B4-C5D6-7890-5678-901234567890}.Debug|x64.Build.0 = Debug|Any CPU
		{E1F2A3B4-C5D6-7890-5678-901234567890}.Debug|x86.ActiveCfg = Debug|Any CPU
		{E1F2A3B4-C5D6-7890-5678-901234567890}.Debug|x86.Build.0 = Debug|Any CPU
		{E1F2A3B4-C5D6-7890-5678-901234567890}.Release|Any CPU.ActiveCfg = Release|Any CPU
		{E1F2A3B4-C5D6-7890-5678-901234567890}.Release|Any CPU.Build.0 = Release|Any CPU
		{E1F2A3B4-C5D6-7890-5678-901234567890}.Release|x64.ActiveCfg = Release|Any CPU
		{E1F2A3B4-C5D6-7890-5678-901234567890}.Release|x64.Build.0 = Release|Any CPU
		{E1F2A3B4-C5D6-7890-5678-901234567890}.Release|x86.ActiveCfg = Release|Any CPU
		{E1F2A3B4-C5D6-7890-5678-901234567890}.Release|x86.Build.0 = Release|Any CPU
		{F2A3B4C5-D6E7-8901-6789-012345678901}.Debug|Any CPU.ActiveCfg = Debug|Any CPU
		{F2A3B4C5-D6E7-8901-6789-012345678901}.Debug|Any CPU.Build.0 = Debug|Any CPU
		{F2A3B4C5-D6E7-8901-6789-012345678901}.Debug|x64.ActiveCfg = Debug|Any CPU
		{F2A3B4C5-D6E7-8901-6789-012345678901}.Debug|x64.Build.0 = Debug|Any CPU
		{F2A3B4C5-D6E7-8901-6789-012345678901}.Debug|x86.ActiveCfg = Debug|Any CPU
		{F2A3B4C5-D6E7-8901-6789-012345678901}.Debug|x86.Build.0 = Debug|Any CPU
		{F2A3B4C5-D6E7-8901-6789-012345678901}.Release|Any CPU.ActiveCfg = Release|Any CPU
		{F2A3B4C5-D6E7-8901-6789-012345678901}.Release|Any CPU.Build.0 = Release|Any CPU
		{F2A3B4C5-D6E7-8901-6789-012345678901}.Release|x64.ActiveCfg = Release|Any CPU
		{F2A3B4C5-D6E7-8901-6789-012345678901}.Release|x64.Build.0 = Release|Any CPU
		{F2A3B4C5-D6E7-8901-6789-012345678901}.Release|x86.ActiveCfg = Release|Any CPU
		{F2A3B4C5-D6E7-8901-6789-012345678901}.Release|x86.Build.0 = Release|Any CPU
		{A3B4C5D6-E7F8-9012-7890-123456789012}.Debug|Any CPU.ActiveCfg = Debug|Any CPU
		{A3B4C5D6-E7F8-9012-7890-123456789012}.Debug|Any CPU.Build.0 = Debug|Any CPU
		{A3B4C5D6-E7F8-9012-7890-123456789012}.Debug|x64.ActiveCfg = Debug|Any CPU
		{A3B4C5D6-E7F8-9012-7890-123456789012}.Debug|x64.Build.0 = Debug|Any CPU
		{A3B4C5D6-E7F8-9012-7890-123456789012}.Debug|x86.ActiveCfg = Debug|Any CPU
		{A3B4C5D6-E7F8-9012-7890-123456789012}.Debug|x86.Build.0 = Debug|Any CPU
		{A3B4C5D6-E7F8-9012-7890-123456789012}.Release|Any CPU.ActiveCfg = Release|Any CPU
		{A3B4C5D6-E7F8-9012-7890-123456789012}.Release|Any CPU.Build.0 = Release|Any CPU
		{A3B4C5D6-E7F8-9012-7890-123456789012}.Release|x64.ActiveCfg = Release|Any CPU
		{A3B4C5D6-E7F8-9012-7890-123456789012}.Release|x64.Build.0 = Release|Any CPU
		{A3B4C5D6-E7F8-9012-7890-123456789012}.Release|x86.ActiveCfg = Release|Any CPU
		{A3B4C5D6-E7F8-9012-7890-123456789012}.Release|x86.Build.0 = Release|Any CPU
		{B4C5D6E7-F8A9-0123-8901-234567890123}.Debug|Any CPU.ActiveCfg = Debug|Any CPU
		{B4C5D6E7-F8A9-0123-8901-234567890123}.Debug|Any CPU.Build.0 = Debug|Any CPU
		{B4C5D6E7-F8A9-0123-8901-234567890123}.Debug|x64.ActiveCfg = Debug|Any CPU
		{B4C5D6E7-F8A9-0123-8901-234567890123}.Debug|x64.Build.0 = Debug|Any CPU
		{B4C5D6E7-F8A9-0123-8901-234567890123}.Debug|x86.ActiveCfg = Debug|Any CPU
		{B4C5D6E7-F8A9-0123-8901-234567890123}.Debug|x86.Build.0 = Debug|Any CPU
		{B4C5D6E7-F8A9-0123-8901-234567890123}.Release|Any CPU.ActiveCfg = Release|Any CPU
		{B4C5D6E7-F8A9-0123-8901-234567890123}.Release|Any CPU.Build.0 = Release|Any CPU
		{B4C5D6E7-F8A9-0123-8901-234567890123}.Release|x64.ActiveCfg = Release|Any CPU
		{B4C5D6E7-F8A9-0123-8901-234567890123}.Release|x64.Build.0 = Release|Any CPU
		{B4C5D6E7-F8A9-0123-8901-234567890123}.Release|x86.ActiveCfg = Release|Any CPU
		{B4C5D6E7-F8A9-0123-8901-234567890123}.Release|x86.Build.0 = Release|Any CPU
		{C5D6E7F8-A9B0-1234-9012-345678901234}.Debug|Any CPU.ActiveCfg = Debug|Any CPU
		{C5D6E7F8-A9B0-1234-9012-345678901234}.Debug|Any CPU.Build.0 = Debug|Any CPU
		{C5D6E7F8-A9B0-1234-9012-345678901234}.Debug|x64.ActiveCfg = Debug|Any CPU
		{C5D6E7F8-A9B0-1234-9012-345678901234}.Debug|x64.Build.0 = Debug|Any CPU
		{C5D6E7F8-A9B0-1234-9012-345678901234}.Debug|x86.ActiveCfg = Debug|Any CPU
		{C5D6E7F8-A9B0-1234-9012-345678901234}.Debug|x86.Build.0 = Debug|Any CPU
		{C5D6E7F8-A9B0-1234-9012-345678901234}.Release|Any CPU.ActiveCfg = Release|Any CPU
		{C5D6E7F8-A9B0-1234-9012-345678901234}.Release|Any CPU.Build.0 = Release|Any CPU
		{C5D6E7F8-A9B0-1234-9012-345678901234}.Release|x64.ActiveCfg = Release|Any CPU
		{C5D6E7F8-A9B0-1234-9012-345678901234}.Release|x64.Build.0 = Release|Any CPU
		{C5D6E7F8-A9B0-1234-9012-345678901234}.Release|x86.ActiveCfg = Release|Any CPU
		{C5D6E7F8-A9B0-1234-9012-345678901234}.Release|x86.Build.0 = Release|Any CPU
		{D6E7F8A9-B0C1-2345-0123-456789012345}.Debug|Any CPU.ActiveCfg = Debug|Any CPU
		{D6E7F8A9-B0C1-2345-0123-456789012345}.Debug|Any CPU.Build.0 = Debug|Any CPU
		{D6E7F8A9-B0C1-2345-0123-456789012345}.Debug|x64.ActiveCfg = Debug|Any CPU
		{D6E7F8A9-B0C1-2345-0123-456789012345}.Debug|x64.Build.0 = Debug|Any CPU
		{D6E7F8A9-B0C1-2345-0123-456789012345}.Debug|x86.ActiveCfg = Debug|Any CPU
		{D6E7F8A9-B0C1-2345-0123-456789012345}.Debug|x86.Build.0 = Debug|Any CPU
		{D6E7F8A9-B0C1-2345-0123-456789012345}.Release|Any CPU.ActiveCfg = Release|Any CPU
		{D6E7F8A9-B0C1-2345-0123-456789012345}.Release|Any CPU.Build.0 = Release|Any CPU
		{D6E7F8A9-B0C1-2345-0123-456789012345}.Release|x64.ActiveCfg = Release|Any CPU
		{D6E7F8A9-B0C1-2345-0123-456789012345}.Release|x64.Build.0 = Release|Any CPU
		{D6E7F8A9-B0C1-2345-0123-456789012345}.Release|x86.ActiveCfg = Release|Any CPU
		{D6E7F8A9-B0C1-2345-0123-456789012345}.Release|x86.Build.0 = Release|Any CPU
		{E7F8A9B0-C1D2-3456-1234-567890123456}.Debug|Any CPU.ActiveCfg = Debug|Any CPU
		{E7F8A9B0-C1D2-3456-1234-567890123456}.Debug|Any CPU.Build.0 = Debug|Any CPU
		{E7F8A9B0-C1D2-3456-1234-567890123456}.Debug|x64.ActiveCfg = Debug|Any CPU
		{E7F8A9B0-C1D2-3456-1234-567890123456}.Debug|x64.Build.0 = Debug|Any CPU
		{E7F8A9B0-C1D2-3456-1234-567890123456}.Debug|x86.ActiveCfg = Debug|Any CPU
		{E7F8A9B0-C1D2-3456-1234-567890123456}.Debug|x86.Build.0 = Debug|Any CPU
		{E7F8A9B0-C1D2-3456-1234-567890123456}.Release|Any CPU.ActiveCfg = Release|Any CPU
		{E7F8A9B0-C1D2-3456-1234-567890123456}.Release|Any CPU.Build.0 = Release|Any CPU
		{E7F8A9B0-C1D2-3456-1234-567890123456}.Release|x64.ActiveCfg = Release|Any CPU
		{E7F8A9B0-C1D2-3456-1234-567890123456}.Release|x64.Build.0 = Release|Any CPU
		{E7F8A9B0-C1D2-3456-1234-567890123456}.Release|x86.ActiveCfg = Release|Any CPU
		{E7F8A9B0-C1D2-3456-1234-567890123456}.Release|x86.Build.0 = Release|Any CPU
		{F8A9B0C1-D2E3-4567-2345-678901234567}.Debug|Any CPU.ActiveCfg = Debug|Any CPU
		{F8A9B0C1-D2E3-4567-2345-678901234567}.Debug|Any CPU.Build.0 = Debug|Any CPU
		{F8A9B0C1-D2E3-4567-2345-678901234567}.Debug|x64.ActiveCfg = Debug|Any CPU
		{F8A9B0C1-D2E3-4567-2345-678901234567}.Debug|x64.Build.0 = Debug|Any CPU
		{F8A9B0C1-D2E3-4567-2345-678901234567}.Debug|x86.ActiveCfg = Debug|Any CPU
		{F8A9B0C1-D2E3-4567-2345-678901234567}.Debug|x86.Build.0 = Debug|Any CPU
		{F8A9B0C1-D2E3-4567-2345-678901234567}.Release|Any CPU.ActiveCfg = Release|Any CPU
		{F8A9B0C1-D2E3-4567-2345-678901234567}.Release|Any CPU.Build.0 = Release|Any CPU
		{F8A9B0C1-D2E3-4567-2345-678901234567}.Release|x64.ActiveCfg = Release|Any CPU
		{F8A9B0C1-D2E3-4567-2345-678901234567}.Release|x64.Build.0 = Release|Any CPU
		{F8A9B0C1-D2E3-4567-2345-678901234567}.Release|x86.ActiveCfg = Release|Any CPU
		{F8A9B0C1-D2E3-4567-2345-678901234567}.Release|x86.Build.0 = Release|Any CPU
		{A9B0C1D2-E3F4-5678-3456-789012345678}.Debug|Any CPU.ActiveCfg = Debug|Any CPU
		{A9B0C1D2-E3F4-5678-3456-789012345678}.Debug|Any CPU.Build.0 = Debug|Any CPU
		{A9B0C1D2-E3F4-5678-3456-789012345678}.Debug|x64.ActiveCfg = Debug|Any CPU
		{A9B0C1D2-E3F4-5678-3456-789012345678}.Debug|x64.Build.0 = Debug|Any CPU
		{A9B0C1D2-E3F4-5678-3456-789012345678}.Debug|x86.ActiveCfg = Debug|Any CPU
		{A9B0C1D2-E3F4-5678-3456-789012345678}.Debug|x86.Build.0 = Debug|Any CPU
		{A9B0C1D2-E3F4-5678-3456-789012345678}.Release|Any CPU.ActiveCfg = Release|Any CPU
		{A9B0C1D2-E3F4-5678-3456-789012345678}.Release|Any CPU.Build.0 = Release|Any CPU
		{A9B0C1D2-E3F4-5678-3456-789012345678}.Release|x64.ActiveCfg = Release|Any CPU
		{A9B0C1D2-E3F4-5678-3456-789012345678}.Release|x64.Build.0 = Release|Any CPU
		{A9B0C1D2-E3F4-5678-3456-789012345678}.Release|x86.ActiveCfg = Release|Any CPU
		{A9B0C1D2-E3F4-5678-3456-789012345678}.Release|x86.Build.0 = Release|Any CPU
		{B0C1D2E3-F4A5-6789-4567-890123456789}.Debug|Any CPU.ActiveCfg = Debug|Any CPU
		{B0C1D2E3-F4A5-6789-4567-890123456789}.Debug|Any CPU.Build.0 = Debug|Any CPU
		{B0C1D2E3-F4A5-6789-4567-890123456789}.Debug|x64.ActiveCfg = Debug|Any CPU
		{B0C1D2E3-F4A5-6789-4567-890123456789}.Debug|x64.Build.0 = Debug|Any CPU
		{B0C1D2E3-F4A5-6789-4567-890123456789}.Debug|x86.ActiveCfg = Debug|Any CPU
		{B0C1D2E3-F4A5-6789-4567-890123456789}.Debug|x86.Build.0 = Debug|Any CPU
		{B0C1D2E3-F4A5-6789-4567-890123456789}.Release|Any CPU.ActiveCfg = Release|Any CPU
		{B0C1D2E3-F4A5-6789-4567-890123456789}.Release|Any CPU.Build.0 = Release|Any CPU
		{B0C1D2E3-F4A5-6789-4567-890123456789}.Release|x64.ActiveCfg = Release|Any CPU
		{B0C1D2E3-F4A5-6789-4567-890123456789}.Release|x64.Build.0 = Release|Any CPU
		{B0C1D2E3-F4A5-6789-4567-890123456789}.Release|x86.ActiveCfg = Release|Any CPU
		{B0C1D2E3-F4A5-6789-4567-890123456789}.Release|x86.Build.0 = Release|Any CPU
		{C1D2E3F4-A5B6-7890-5678-901234567890}.Debug|Any CPU.ActiveCfg = Debug|Any CPU
		{C1D2E3F4-A5B6-7890-5678-901234567890}.Debug|Any CPU.Build.0 = Debug|Any CPU
		{C1D2E3F4-A5B6-7890-5678-901234567890}.Debug|x64.ActiveCfg = Debug|Any CPU
		{C1D2E3F4-A5B6-7890-5678-901234567890}.Debug|x64.Build.0 = Debug|Any CPU
		{C1D2E3F4-A5B6-7890-5678-901234567890}.Debug|x86.ActiveCfg = Debug|Any CPU
		{C1D2E3F4-A5B6-7890-5678-901234567890}.Debug|x86.Build.0 = Debug|Any CPU
		{C1D2E3F4-A5B6-7890-5678-901234567890}.Release|Any CPU.ActiveCfg = Release|Any CPU
		{C1D2E3F4-A5B6-7890-5678-901234567890}.Release|Any CPU.Build.0 = Release|Any CPU
		{C1D2E3F4-A5B6-7890-5678-901234567890}.Release|x64.ActiveCfg = Release|Any CPU
		{C1D2E3F4-A5B6-7890-5678-901234567890}.Release|x64.Build.0 = Release|Any CPU
		{C1D2E3F4-A5B6-7890-5678-901234567890}.Release|x86.ActiveCfg = Release|Any CPU
		{C1D2E3F4-A5B6-7890-5678-901234567890}.Release|x86.Build.0 = Release|Any CPU
		{D2E3F4A5-B6C7-8901-6789-012345678901}.Debug|Any CPU.ActiveCfg = Debug|Any CPU
		{D2E3F4A5-B6C7-8901-6789-012345678901}.Debug|Any CPU.Build.0 = Debug|Any CPU
		{D2E3F4A5-B6C7-8901-6789-012345678901}.Debug|x64.ActiveCfg = Debug|Any CPU
		{D2E3F4A5-B6C7-8901-6789-012345678901}.Debug|x64.Build.0 = Debug|Any CPU
		{D2E3F4A5-B6C7-8901-6789-012345678901}.Debug|x86.ActiveCfg = Debug|Any CPU
		{D2E3F4A5-B6C7-8901-6789-012345678901}.Debug|x86.Build.0 = Debug|Any CPU
		{D2E3F4A5-B6C7-8901-6789-012345678901}.Release|Any CPU.ActiveCfg = Release|Any CPU
		{D2E3F4A5-B6C7-8901-6789-012345678901}.Release|Any CPU.Build.0 = Release|Any CPU
		{D2E3F4A5-B6C7-8901-6789-012345678901}.Release|x64.ActiveCfg = Release|Any CPU
		{D2E3F4A5-B6C7-8901-6789-012345678901}.Release|x64.Build.0 = Release|Any CPU
		{D2E3F4A5-B6C7-8901-6789-012345678901}.Release|x86.ActiveCfg = Release|Any CPU
		{D2E3F4A5-B6C7-8901-6789-012345678901}.Release|x86.Build.0 = Release|Any CPU
		{E3F4A5B6-C7D8-9012-7890-123456789012}.Debug|Any CPU.ActiveCfg = Debug|Any CPU
		{E3F4A5B6-C7D8-9012-7890-123456789012}.Debug|Any CPU.Build.0 = Debug|Any CPU
		{E3F4A5B6-C7D8-9012-7890-123456789012}.Debug|x64.ActiveCfg = Debug|Any CPU
		{E3F4A5B6-C7D8-9012-7890-123456789012}.Debug|x64.Build.0 = Debug|Any CPU
		{E3F4A5B6-C7D8-9012-7890-123456789012}.Debug|x86.ActiveCfg = Debug|Any CPU
		{E3F4A5B6-C7D8-9012-7890-123456789012}.Debug|x86.Build.0 = Debug|Any CPU
		{E3F4A5B6-C7D8-9012-7890-123456789012}.Release|Any CPU.ActiveCfg = Release|Any CPU
		{E3F4A5B6-C7D8-9012-7890-123456789012}.Release|Any CPU.Build.0 = Release|Any CPU
		{E3F4A5B6-C7D8-9012-7890-123456789012}.Release|x64.ActiveCfg = Release|Any CPU
		{E3F4A5B6-C7D8-9012-7890-123456789012}.Release|x64.Build.0 = Release|Any CPU
		{E3F4A5B6-C7D8-9012-7890-123456789012}.Release|x86.ActiveCfg = Release|Any CPU
		{E3F4A5B6-C7D8-9012-7890-123456789012}.Release|x86.Build.0 = Release|Any CPU
		{F4A5B6C7-D8E9-0123-8901-234567890123}.Debug|Any CPU.ActiveCfg = Debug|Any CPU
		{F4A5B6C7-D8E9-0123-8901-234567890123}.Debug|Any CPU.Build.0 = Debug|Any CPU
		{F4A5B6C7-D8E9-0123-8901-234567890123}.Debug|x64.ActiveCfg = Debug|Any CPU
		{F4A5B6C7-D8E9-0123-8901-234567890123}.Debug|x64.Build.0 = Debug|Any CPU
		{F4A5B6C7-D8E9-0123-8901-234567890123}.Debug|x86.ActiveCfg = Debug|Any CPU
		{F4A5B6C7-D8E9-0123-8901-234567890123}.Debug|x86.Build.0 = Debug|Any CPU
		{F4A5B6C7-D8E9-0123-8901-234567890123}.Release|Any CPU.ActiveCfg = Release|Any CPU
		{F4A5B6C7-D8E9-0123-8901-234567890123}.Release|Any CPU.Build.0 = Release|Any CPU
		{F4A5B6C7-D8E9-0123-8901-234567890123}.Release|x64.ActiveCfg = Release|Any CPU
		{F4A5B6C7-D8E9-0123-8901-234567890123}.Release|x64.Build.0 = Release|Any CPU
		{F4A5B6C7-D8E9-0123-8901-234567890123}.Release|x86.ActiveCfg = Release|Any CPU
		{F4A5B6C7-D8E9-0123-8901-234567890123}.Release|x86.Build.0 = Release|Any CPU
		{A5B6C7D8-E9F0-1234-9012-345678901234}.Debug|Any CPU.ActiveCfg = Debug|Any CPU
		{A5B6C7D8-E9F0-1234-9012-345678901234}.Debug|Any CPU.Build.0 = Debug|Any CPU
		{A5B6C7D8-E9F0-1234-9012-345678901234}.Debug|x64.ActiveCfg = Debug|Any CPU
		{A5B6C7D8-E9F0-1234-9012-345678901234}.Debug|x64.Build.0 = Debug|Any CPU
		{A5B6C7D8-E9F0-1234-9012-345678901234}.Debug|x86.ActiveCfg = Debug|Any CPU
		{A5B6C7D8-E9F0-1234-9012-345678901234}.Debug|x86.Build.0 = Debug|Any CPU
		{A5B6C7D8-E9F0-1234-9012-345678901234}.Release|Any CPU.ActiveCfg = Release|Any CPU
		{A5B6C7D8-E9F0-1234-9012-345678901234}.Release|Any CPU.Build.0 = Release|Any CPU
		{A5B6C7D8-E9F0-1234-9012-345678901234}.Release|x64.ActiveCfg = Release|Any CPU
		{A5B6C7D8-E9F0-1234-9012-345678901234}.Release|x64.Build.0 = Release|Any CPU
		{A5B6C7D8-E9F0-1234-9012-345678901234}.Release|x86.ActiveCfg = Release|Any CPU
		{A5B6C7D8-E9F0-1234-9012-345678901234}.Release|x86.Build.0 = Release|Any CPU
		{B6C7D8E9-F0A1-2345-0123-456789012345}.Debug|Any CPU.ActiveCfg = Debug|Any CPU
		{B6C7D8E9-F0A1-2345-0123-456789012345}.Debug|Any CPU.Build.0 = Debug|Any CPU
		{B6C7D8E9-F0A1-2345-0123-456789012345}.Debug|x64.ActiveCfg = Debug|Any CPU
		{B6C7D8E9-F0A1-2345-0123-456789012345}.Debug|x64.Build.0 = Debug|Any CPU
		{B6C7D8E9-F0A1-2345-0123-456789012345}.Debug|x86.ActiveCfg = Debug|Any CPU
		{B6C7D8E9-F0A1-2345-0123-456789012345}.Debug|x86.Build.0 = Debug|Any CPU
		{B6C7D8E9-F0A1-2345-0123-456789012345}.Release|Any CPU.ActiveCfg = Release|Any CPU
		{B6C7D8E9-F0A1-2345-0123-456789012345}.Release|Any CPU.Build.0 = Release|Any CPU
		{B6C7D8E9-F0A1-2345-0123-456789012345}.Release|x64.ActiveCfg = Release|Any CPU
		{B6C7D8E9-F0A1-2345-0123-456789012345}.Release|x64.Build.0 = Release|Any CPU
		{B6C7D8E9-F0A1-2345-0123-456789012345}.Release|x86.ActiveCfg = Release|Any CPU
		{B6C7D8E9-F0A1-2345-0123-456789012345}.Release|x86.Build.0 = Release|Any CPU
		{45AC4FC0-9887-42C5-9887-B4B094023C0E}.Debug|Any CPU.ActiveCfg = Debug|Any CPU
		{45AC4FC0-9887-42C5-9887-B4B094023C0E}.Debug|Any CPU.Build.0 = Debug|Any CPU
		{45AC4FC0-9887-42C5-9887-B4B094023C0E}.Debug|x64.ActiveCfg = Debug|Any CPU
		{45AC4FC0-9887-42C5-9887-B4B094023C0E}.Debug|x64.Build.0 = Debug|Any CPU
		{45AC4FC0-9887-42C5-9887-B4B094023C0E}.Debug|x86.ActiveCfg = Debug|Any CPU
		{45AC4FC0-9887-42C5-9887-B4B094023C0E}.Debug|x86.Build.0 = Debug|Any CPU
		{45AC4FC0-9887-42C5-9887-B4B094023C0E}.Release|Any CPU.ActiveCfg = Release|Any CPU
		{45AC4FC0-9887-42C5-9887-B4B094023C0E}.Release|Any CPU.Build.0 = Release|Any CPU
		{45AC4FC0-9887-42C5-9887-B4B094023C0E}.Release|x64.ActiveCfg = Release|Any CPU
		{45AC4FC0-9887-42C5-9887-B4B094023C0E}.Release|x64.Build.0 = Release|Any CPU
		{45AC4FC0-9887-42C5-9887-B4B094023C0E}.Release|x86.ActiveCfg = Release|Any CPU
		{45AC4FC0-9887-42C5-9887-B4B094023C0E}.Release|x86.Build.0 = Release|Any CPU
		{2D1290A9-C62E-482B-9677-12170A8E1547}.Debug|Any CPU.ActiveCfg = Debug|Any CPU
		{2D1290A9-C62E-482B-9677-12170A8E1547}.Debug|Any CPU.Build.0 = Debug|Any CPU
		{2D1290A9-C62E-482B-9677-12170A8E1547}.Debug|x64.ActiveCfg = Debug|Any CPU
		{2D1290A9-C62E-482B-9677-12170A8E1547}.Debug|x64.Build.0 = Debug|Any CPU
		{2D1290A9-C62E-482B-9677-12170A8E1547}.Debug|x86.ActiveCfg = Debug|Any CPU
		{2D1290A9-C62E-482B-9677-12170A8E1547}.Debug|x86.Build.0 = Debug|Any CPU
		{2D1290A9-C62E-482B-9677-12170A8E1547}.Release|Any CPU.ActiveCfg = Release|Any CPU
		{2D1290A9-C62E-482B-9677-12170A8E1547}.Release|Any CPU.Build.0 = Release|Any CPU
		{2D1290A9-C62E-482B-9677-12170A8E1547}.Release|x64.ActiveCfg = Release|Any CPU
		{2D1290A9-C62E-482B-9677-12170A8E1547}.Release|x64.Build.0 = Release|Any CPU
		{2D1290A9-C62E-482B-9677-12170A8E1547}.Release|x86.ActiveCfg = Release|Any CPU
		{2D1290A9-C62E-482B-9677-12170A8E1547}.Release|x86.Build.0 = Release|Any CPU
		{60A9FCFC-9879-4509-87C7-176D3EF82F61}.Debug|Any CPU.ActiveCfg = Debug|Any CPU
		{60A9FCFC-9879-4509-87C7-176D3EF82F61}.Debug|Any CPU.Build.0 = Debug|Any CPU
		{60A9FCFC-9879-4509-87C7-176D3EF82F61}.Debug|x64.ActiveCfg = Debug|Any CPU
		{60A9FCFC-9879-4509-87C7-176D3EF82F61}.Debug|x64.Build.0 = Debug|Any CPU
		{60A9FCFC-9879-4509-87C7-176D3EF82F61}.Debug|x86.ActiveCfg = Debug|Any CPU
		{60A9FCFC-9879-4509-87C7-176D3EF82F61}.Debug|x86.Build.0 = Debug|Any CPU
		{60A9FCFC-9879-4509-87C7-176D3EF82F61}.Release|Any CPU.ActiveCfg = Release|Any CPU
		{60A9FCFC-9879-4509-87C7-176D3EF82F61}.Release|Any CPU.Build.0 = Release|Any CPU
		{60A9FCFC-9879-4509-87C7-176D3EF82F61}.Release|x64.ActiveCfg = Release|Any CPU
		{60A9FCFC-9879-4509-87C7-176D3EF82F61}.Release|x64.Build.0 = Release|Any CPU
		{60A9FCFC-9879-4509-87C7-176D3EF82F61}.Release|x86.ActiveCfg = Release|Any CPU
		{60A9FCFC-9879-4509-87C7-176D3EF82F61}.Release|x86.Build.0 = Release|Any CPU
		{A9AAA357-484E-47BB-BD5B-F0298FCEAFAA}.Debug|Any CPU.ActiveCfg = Debug|Any CPU
		{A9AAA357-484E-47BB-BD5B-F0298FCEAFAA}.Debug|Any CPU.Build.0 = Debug|Any CPU
		{A9AAA357-484E-47BB-BD5B-F0298FCEAFAA}.Debug|x64.ActiveCfg = Debug|Any CPU
		{A9AAA357-484E-47BB-BD5B-F0298FCEAFAA}.Debug|x64.Build.0 = Debug|Any CPU
		{A9AAA357-484E-47BB-BD5B-F0298FCEAFAA}.Debug|x86.ActiveCfg = Debug|Any CPU
		{A9AAA357-484E-47BB-BD5B-F0298FCEAFAA}.Debug|x86.Build.0 = Debug|Any CPU
		{A9AAA357-484E-47BB-BD5B-F0298FCEAFAA}.Release|Any CPU.ActiveCfg = Release|Any CPU
		{A9AAA357-484E-47BB-BD5B-F0298FCEAFAA}.Release|Any CPU.Build.0 = Release|Any CPU
		{A9AAA357-484E-47BB-BD5B-F0298FCEAFAA}.Release|x64.ActiveCfg = Release|Any CPU
		{A9AAA357-484E-47BB-BD5B-F0298FCEAFAA}.Release|x64.Build.0 = Release|Any CPU
		{A9AAA357-484E-47BB-BD5B-F0298FCEAFAA}.Release|x86.ActiveCfg = Release|Any CPU
		{A9AAA357-484E-47BB-BD5B-F0298FCEAFAA}.Release|x86.Build.0 = Release|Any CPU
		{4C05FEA0-E3B0-4D8E-B9E0-8494D6F614F1}.Debug|Any CPU.ActiveCfg = Debug|Any CPU
		{4C05FEA0-E3B0-4D8E-B9E0-8494D6F614F1}.Debug|Any CPU.Build.0 = Debug|Any CPU
		{4C05FEA0-E3B0-4D8E-B9E0-8494D6F614F1}.Debug|x64.ActiveCfg = Debug|Any CPU
		{4C05FEA0-E3B0-4D8E-B9E0-8494D6F614F1}.Debug|x64.Build.0 = Debug|Any CPU
		{4C05FEA0-E3B0-4D8E-B9E0-8494D6F614F1}.Debug|x86.ActiveCfg = Debug|Any CPU
		{4C05FEA0-E3B0-4D8E-B9E0-8494D6F614F1}.Debug|x86.Build.0 = Debug|Any CPU
		{4C05FEA0-E3B0-4D8E-B9E0-8494D6F614F1}.Release|Any CPU.ActiveCfg = Release|Any CPU
		{4C05FEA0-E3B0-4D8E-B9E0-8494D6F614F1}.Release|Any CPU.Build.0 = Release|Any CPU
		{4C05FEA0-E3B0-4D8E-B9E0-8494D6F614F1}.Release|x64.ActiveCfg = Release|Any CPU
		{4C05FEA0-E3B0-4D8E-B9E0-8494D6F614F1}.Release|x64.Build.0 = Release|Any CPU
		{4C05FEA0-E3B0-4D8E-B9E0-8494D6F614F1}.Release|x86.ActiveCfg = Release|Any CPU
		{4C05FEA0-E3B0-4D8E-B9E0-8494D6F614F1}.Release|x86.Build.0 = Release|Any CPU
		{6C889C41-2AAD-4861-9F67-15E3047E58C1}.Debug|Any CPU.ActiveCfg = Debug|Any CPU
		{6C889C41-2AAD-4861-9F67-15E3047E58C1}.Debug|Any CPU.Build.0 = Debug|Any CPU
		{6C889C41-2AAD-4861-9F67-15E3047E58C1}.Debug|x64.ActiveCfg = Debug|Any CPU
		{6C889C41-2AAD-4861-9F67-15E3047E58C1}.Debug|x64.Build.0 = Debug|Any CPU
		{6C889C41-2AAD-4861-9F67-15E3047E58C1}.Debug|x86.ActiveCfg = Debug|Any CPU
		{6C889C41-2AAD-4861-9F67-15E3047E58C1}.Debug|x86.Build.0 = Debug|Any CPU
		{6C889C41-2AAD-4861-9F67-15E3047E58C1}.Release|Any CPU.ActiveCfg = Release|Any CPU
		{6C889C41-2AAD-4861-9F67-15E3047E58C1}.Release|Any CPU.Build.0 = Release|Any CPU
		{6C889C41-2AAD-4861-9F67-15E3047E58C1}.Release|x64.ActiveCfg = Release|Any CPU
		{6C889C41-2AAD-4861-9F67-15E3047E58C1}.Release|x64.Build.0 = Release|Any CPU
		{6C889C41-2AAD-4861-9F67-15E3047E58C1}.Release|x86.ActiveCfg = Release|Any CPU
		{6C889C41-2AAD-4861-9F67-15E3047E58C1}.Release|x86.Build.0 = Release|Any CPU
		{D041CE2D-80C9-46FC-A7F2-E9C2786C7B76}.Debug|Any CPU.ActiveCfg = Debug|Any CPU
		{D041CE2D-80C9-46FC-A7F2-E9C2786C7B76}.Debug|Any CPU.Build.0 = Debug|Any CPU
		{D041CE2D-80C9-46FC-A7F2-E9C2786C7B76}.Debug|x64.ActiveCfg = Debug|Any CPU
		{D041CE2D-80C9-46FC-A7F2-E9C2786C7B76}.Debug|x64.Build.0 = Debug|Any CPU
		{D041CE2D-80C9-46FC-A7F2-E9C2786C7B76}.Debug|x86.ActiveCfg = Debug|Any CPU
		{D041CE2D-80C9-46FC-A7F2-E9C2786C7B76}.Debug|x86.Build.0 = Debug|Any CPU
		{D041CE2D-80C9-46FC-A7F2-E9C2786C7B76}.Release|Any CPU.ActiveCfg = Release|Any CPU
		{D041CE2D-80C9-46FC-A7F2-E9C2786C7B76}.Release|Any CPU.Build.0 = Release|Any CPU
		{D041CE2D-80C9-46FC-A7F2-E9C2786C7B76}.Release|x64.ActiveCfg = Release|Any CPU
		{D041CE2D-80C9-46FC-A7F2-E9C2786C7B76}.Release|x64.Build.0 = Release|Any CPU
		{D041CE2D-80C9-46FC-A7F2-E9C2786C7B76}.Release|x86.ActiveCfg = Release|Any CPU
		{D041CE2D-80C9-46FC-A7F2-E9C2786C7B76}.Release|x86.Build.0 = Release|Any CPU
		{763434D2-4616-410A-BAC5-1104D665ABE3}.Debug|Any CPU.ActiveCfg = Debug|Any CPU
		{763434D2-4616-410A-BAC5-1104D665ABE3}.Debug|Any CPU.Build.0 = Debug|Any CPU
		{763434D2-4616-410A-BAC5-1104D665ABE3}.Debug|x64.ActiveCfg = Debug|Any CPU
		{763434D2-4616-410A-BAC5-1104D665ABE3}.Debug|x64.Build.0 = Debug|Any CPU
		{763434D2-4616-410A-BAC5-1104D665ABE3}.Debug|x86.ActiveCfg = Debug|Any CPU
		{763434D2-4616-410A-BAC5-1104D665ABE3}.Debug|x86.Build.0 = Debug|Any CPU
		{763434D2-4616-410A-BAC5-1104D665ABE3}.Release|Any CPU.ActiveCfg = Release|Any CPU
		{763434D2-4616-410A-BAC5-1104D665ABE3}.Release|Any CPU.Build.0 = Release|Any CPU
		{763434D2-4616-410A-BAC5-1104D665ABE3}.Release|x64.ActiveCfg = Release|Any CPU
		{763434D2-4616-410A-BAC5-1104D665ABE3}.Release|x64.Build.0 = Release|Any CPU
		{763434D2-4616-410A-BAC5-1104D665ABE3}.Release|x86.ActiveCfg = Release|Any CPU
		{763434D2-4616-410A-BAC5-1104D665ABE3}.Release|x86.Build.0 = Release|Any CPU
		{0122DD01-15C9-4F2A-BD0F-5EA852DF53A6}.Debug|Any CPU.ActiveCfg = Debug|Any CPU
		{0122DD01-15C9-4F2A-BD0F-5EA852DF53A6}.Debug|Any CPU.Build.0 = Debug|Any CPU
		{0122DD01-15C9-4F2A-BD0F-5EA852DF53A6}.Debug|x64.ActiveCfg = Debug|Any CPU
		{0122DD01-15C9-4F2A-BD0F-5EA852DF53A6}.Debug|x64.Build.0 = Debug|Any CPU
		{0122DD01-15C9-4F2A-BD0F-5EA852DF53A6}.Debug|x86.ActiveCfg = Debug|Any CPU
		{0122DD01-15C9-4F2A-BD0F-5EA852DF53A6}.Debug|x86.Build.0 = Debug|Any CPU
		{0122DD01-15C9-4F2A-BD0F-5EA852DF53A6}.Release|Any CPU.ActiveCfg = Release|Any CPU
		{0122DD01-15C9-4F2A-BD0F-5EA852DF53A6}.Release|Any CPU.Build.0 = Release|Any CPU
		{0122DD01-15C9-4F2A-BD0F-5EA852DF53A6}.Release|x64.ActiveCfg = Release|Any CPU
		{0122DD01-15C9-4F2A-BD0F-5EA852DF53A6}.Release|x64.Build.0 = Release|Any CPU
		{0122DD01-15C9-4F2A-BD0F-5EA852DF53A6}.Release|x86.ActiveCfg = Release|Any CPU
		{0122DD01-15C9-4F2A-BD0F-5EA852DF53A6}.Release|x86.Build.0 = Release|Any CPU
		{C873B1C1-5D44-35EE-4956-496DF2C2FDD1}.Debug|Any CPU.ActiveCfg = Debug|Any CPU
		{C873B1C1-5D44-35EE-4956-496DF2C2FDD1}.Debug|Any CPU.Build.0 = Debug|Any CPU
		{C873B1C1-5D44-35EE-4956-496DF2C2FDD1}.Debug|x64.ActiveCfg = Debug|Any CPU
		{C873B1C1-5D44-35EE-4956-496DF2C2FDD1}.Debug|x64.Build.0 = Debug|Any CPU
		{C873B1C1-5D44-35EE-4956-496DF2C2FDD1}.Debug|x86.ActiveCfg = Debug|Any CPU
		{C873B1C1-5D44-35EE-4956-496DF2C2FDD1}.Debug|x86.Build.0 = Debug|Any CPU
		{C873B1C1-5D44-35EE-4956-496DF2C2FDD1}.Release|Any CPU.ActiveCfg = Release|Any CPU
		{C873B1C1-5D44-35EE-4956-496DF2C2FDD1}.Release|Any CPU.Build.0 = Release|Any CPU
		{C873B1C1-5D44-35EE-4956-496DF2C2FDD1}.Release|x64.ActiveCfg = Release|Any CPU
		{C873B1C1-5D44-35EE-4956-496DF2C2FDD1}.Release|x64.Build.0 = Release|Any CPU
		{C873B1C1-5D44-35EE-4956-496DF2C2FDD1}.Release|x86.ActiveCfg = Release|Any CPU
		{C873B1C1-5D44-35EE-4956-496DF2C2FDD1}.Release|x86.Build.0 = Release|Any CPU
		{48712B31-BD25-40A8-930B-708E2372F605}.Debug|Any CPU.ActiveCfg = Debug|Any CPU
		{48712B31-BD25-40A8-930B-708E2372F605}.Debug|Any CPU.Build.0 = Debug|Any CPU
		{48712B31-BD25-40A8-930B-708E2372F605}.Debug|x64.ActiveCfg = Debug|Any CPU
		{48712B31-BD25-40A8-930B-708E2372F605}.Debug|x64.Build.0 = Debug|Any CPU
		{48712B31-BD25-40A8-930B-708E2372F605}.Debug|x86.ActiveCfg = Debug|Any CPU
		{48712B31-BD25-40A8-930B-708E2372F605}.Debug|x86.Build.0 = Debug|Any CPU
		{48712B31-BD25-40A8-930B-708E2372F605}.Release|Any CPU.ActiveCfg = Release|Any CPU
		{48712B31-BD25-40A8-930B-708E2372F605}.Release|Any CPU.Build.0 = Release|Any CPU
		{48712B31-BD25-40A8-930B-708E2372F605}.Release|x64.ActiveCfg = Release|Any CPU
		{48712B31-BD25-40A8-930B-708E2372F605}.Release|x64.Build.0 = Release|Any CPU
		{48712B31-BD25-40A8-930B-708E2372F605}.Release|x86.ActiveCfg = Release|Any CPU
		{48712B31-BD25-40A8-930B-708E2372F605}.Release|x86.Build.0 = Release|Any CPU
		{56B5C956-FB90-4D5D-AEFD-C5E001195845}.Debug|Any CPU.ActiveCfg = Debug|Any CPU
		{56B5C956-FB90-4D5D-AEFD-C5E001195845}.Debug|Any CPU.Build.0 = Debug|Any CPU
		{56B5C956-FB90-4D5D-AEFD-C5E001195845}.Debug|x64.ActiveCfg = Debug|Any CPU
		{56B5C956-FB90-4D5D-AEFD-C5E001195845}.Debug|x64.Build.0 = Debug|Any CPU
		{56B5C956-FB90-4D5D-AEFD-C5E001195845}.Debug|x86.ActiveCfg = Debug|Any CPU
		{56B5C956-FB90-4D5D-AEFD-C5E001195845}.Debug|x86.Build.0 = Debug|Any CPU
		{56B5C956-FB90-4D5D-AEFD-C5E001195845}.Release|Any CPU.ActiveCfg = Release|Any CPU
		{56B5C956-FB90-4D5D-AEFD-C5E001195845}.Release|Any CPU.Build.0 = Release|Any CPU
		{56B5C956-FB90-4D5D-AEFD-C5E001195845}.Release|x64.ActiveCfg = Release|Any CPU
		{56B5C956-FB90-4D5D-AEFD-C5E001195845}.Release|x64.Build.0 = Release|Any CPU
		{56B5C956-FB90-4D5D-AEFD-C5E001195845}.Release|x86.ActiveCfg = Release|Any CPU
		{56B5C956-FB90-4D5D-AEFD-C5E001195845}.Release|x86.Build.0 = Release|Any CPU
		{10BDDA80-EB9B-4E84-ACCE-7ECAABC9149E}.Debug|Any CPU.ActiveCfg = Debug|Any CPU
		{10BDDA80-EB9B-4E84-ACCE-7ECAABC9149E}.Debug|Any CPU.Build.0 = Debug|Any CPU
		{10BDDA80-EB9B-4E84-ACCE-7ECAABC9149E}.Debug|x64.ActiveCfg = Debug|Any CPU
		{10BDDA80-EB9B-4E84-ACCE-7ECAABC9149E}.Debug|x64.Build.0 = Debug|Any CPU
		{10BDDA80-EB9B-4E84-ACCE-7ECAABC9149E}.Debug|x86.ActiveCfg = Debug|Any CPU
		{10BDDA80-EB9B-4E84-ACCE-7ECAABC9149E}.Debug|x86.Build.0 = Debug|Any CPU
		{10BDDA80-EB9B-4E84-ACCE-7ECAABC9149E}.Release|Any CPU.ActiveCfg = Release|Any CPU
		{10BDDA80-EB9B-4E84-ACCE-7ECAABC9149E}.Release|Any CPU.Build.0 = Release|Any CPU
		{10BDDA80-EB9B-4E84-ACCE-7ECAABC9149E}.Release|x64.ActiveCfg = Release|Any CPU
		{10BDDA80-EB9B-4E84-ACCE-7ECAABC9149E}.Release|x64.Build.0 = Release|Any CPU
		{10BDDA80-EB9B-4E84-ACCE-7ECAABC9149E}.Release|x86.ActiveCfg = Release|Any CPU
		{10BDDA80-EB9B-4E84-ACCE-7ECAABC9149E}.Release|x86.Build.0 = Release|Any CPU
		{B5D9BB0E-82D7-444F-B2CD-DA94DBC47DE4}.Debug|Any CPU.ActiveCfg = Debug|Any CPU
		{B5D9BB0E-82D7-444F-B2CD-DA94DBC47DE4}.Debug|Any CPU.Build.0 = Debug|Any CPU
		{B5D9BB0E-82D7-444F-B2CD-DA94DBC47DE4}.Debug|x64.ActiveCfg = Debug|Any CPU
		{B5D9BB0E-82D7-444F-B2CD-DA94DBC47DE4}.Debug|x64.Build.0 = Debug|Any CPU
		{B5D9BB0E-82D7-444F-B2CD-DA94DBC47DE4}.Debug|x86.ActiveCfg = Debug|Any CPU
		{B5D9BB0E-82D7-444F-B2CD-DA94DBC47DE4}.Debug|x86.Build.0 = Debug|Any CPU
		{B5D9BB0E-82D7-444F-B2CD-DA94DBC47DE4}.Release|Any CPU.ActiveCfg = Release|Any CPU
		{B5D9BB0E-82D7-444F-B2CD-DA94DBC47DE4}.Release|Any CPU.Build.0 = Release|Any CPU
		{B5D9BB0E-82D7-444F-B2CD-DA94DBC47DE4}.Release|x64.ActiveCfg = Release|Any CPU
		{B5D9BB0E-82D7-444F-B2CD-DA94DBC47DE4}.Release|x64.Build.0 = Release|Any CPU
		{B5D9BB0E-82D7-444F-B2CD-DA94DBC47DE4}.Release|x86.ActiveCfg = Release|Any CPU
		{B5D9BB0E-82D7-444F-B2CD-DA94DBC47DE4}.Release|x86.Build.0 = Release|Any CPU
		{1A41F0C6-0E0F-4329-90D9-1B353EF8825F}.Debug|Any CPU.ActiveCfg = Debug|Any CPU
		{1A41F0C6-0E0F-4329-90D9-1B353EF8825F}.Debug|Any CPU.Build.0 = Debug|Any CPU
		{1A41F0C6-0E0F-4329-90D9-1B353EF8825F}.Debug|x64.ActiveCfg = Debug|Any CPU
		{1A41F0C6-0E0F-4329-90D9-1B353EF8825F}.Debug|x64.Build.0 = Debug|Any CPU
		{1A41F0C6-0E0F-4329-90D9-1B353EF8825F}.Debug|x86.ActiveCfg = Debug|Any CPU
		{1A41F0C6-0E0F-4329-90D9-1B353EF8825F}.Debug|x86.Build.0 = Debug|Any CPU
		{1A41F0C6-0E0F-4329-90D9-1B353EF8825F}.Release|Any CPU.ActiveCfg = Release|Any CPU
		{1A41F0C6-0E0F-4329-90D9-1B353EF8825F}.Release|Any CPU.Build.0 = Release|Any CPU
		{1A41F0C6-0E0F-4329-90D9-1B353EF8825F}.Release|x64.ActiveCfg = Release|Any CPU
		{1A41F0C6-0E0F-4329-90D9-1B353EF8825F}.Release|x64.Build.0 = Release|Any CPU
		{1A41F0C6-0E0F-4329-90D9-1B353EF8825F}.Release|x86.ActiveCfg = Release|Any CPU
		{1A41F0C6-0E0F-4329-90D9-1B353EF8825F}.Release|x86.Build.0 = Release|Any CPU
		{CA6C47C3-27DF-49CC-BFC6-E1199DB153ED}.Debug|Any CPU.ActiveCfg = Debug|Any CPU
		{CA6C47C3-27DF-49CC-BFC6-E1199DB153ED}.Debug|Any CPU.Build.0 = Debug|Any CPU
		{CA6C47C3-27DF-49CC-BFC6-E1199DB153ED}.Debug|x64.ActiveCfg = Debug|Any CPU
		{CA6C47C3-27DF-49CC-BFC6-E1199DB153ED}.Debug|x64.Build.0 = Debug|Any CPU
		{CA6C47C3-27DF-49CC-BFC6-E1199DB153ED}.Debug|x86.ActiveCfg = Debug|Any CPU
		{CA6C47C3-27DF-49CC-BFC6-E1199DB153ED}.Debug|x86.Build.0 = Debug|Any CPU
		{CA6C47C3-27DF-49CC-BFC6-E1199DB153ED}.Release|Any CPU.ActiveCfg = Release|Any CPU
		{CA6C47C3-27DF-49CC-BFC6-E1199DB153ED}.Release|Any CPU.Build.0 = Release|Any CPU
		{CA6C47C3-27DF-49CC-BFC6-E1199DB153ED}.Release|x64.ActiveCfg = Release|Any CPU
		{CA6C47C3-27DF-49CC-BFC6-E1199DB153ED}.Release|x64.Build.0 = Release|Any CPU
		{CA6C47C3-27DF-49CC-BFC6-E1199DB153ED}.Release|x86.ActiveCfg = Release|Any CPU
		{CA6C47C3-27DF-49CC-BFC6-E1199DB153ED}.Release|x86.Build.0 = Release|Any CPU
	EndGlobalSection
	GlobalSection(SolutionProperties) = preSolution
		HideSolutionNode = FALSE
	EndGlobalSection
	GlobalSection(NestedProjects) = preSolution
		{4353066B-F410-E540-F593-55E469B78A5F} = {0AB3BF05-4346-4AA6-1389-037BE0695223}
		{7BE21DB9-267A-1014-CD2A-93E305C40E0A} = {4353066B-F410-E540-F593-55E469B78A5F}
		{45AC4FC0-9887-42C5-9887-B4B094023C0E} = {7BE21DB9-267A-1014-CD2A-93E305C40E0A}
		{984BB9B3-3FA3-BE33-9484-CAC21695A33C} = {827E0CD3-B72D-47B6-A68D-7590B98EB39B}
		{C3735FB6-F550-32C4-9235-FDDD89A9885F} = {984BB9B3-3FA3-BE33-9484-CAC21695A33C}
		{C8E42992-5E42-0C2B-DBFE-AA848D06431C} = {827E0CD3-B72D-47B6-A68D-7590B98EB39B}
		{9879F9DB-0392-E7E9-C30F-5253536AFE4A} = {C8E42992-5E42-0C2B-DBFE-AA848D06431C}
		{2D1290A9-C62E-482B-9677-12170A8E1547} = {7BE21DB9-267A-1014-CD2A-93E305C40E0A}
		{010B4811-FD7D-F170-AFC3-3FB7FCEE323D} = {4353066B-F410-E540-F593-55E469B78A5F}
		{60A9FCFC-9879-4509-87C7-176D3EF82F61} = {010B4811-FD7D-F170-AFC3-3FB7FCEE323D}
		{34760CDF-6AC2-5244-C172-C69719E4E207} = {984BB9B3-3FA3-BE33-9484-CAC21695A33C}
		{A9AAA357-484E-47BB-BD5B-F0298FCEAFAA} = {010B4811-FD7D-F170-AFC3-3FB7FCEE323D}
		{D0D6B8B0-AC35-B3FA-0B96-A9B0E4A3253E} = {0AB3BF05-4346-4AA6-1389-037BE0695223}
		{4C05FEA0-E3B0-4D8E-B9E0-8494D6F614F1} = {D0D6B8B0-AC35-B3FA-0B96-A9B0E4A3253E}
		{8757DA5E-3E04-5B00-E567-872AC6D709AD} = {0AB3BF05-4346-4AA6-1389-037BE0695223}
		{6C889C41-2AAD-4861-9F67-15E3047E58C1} = {8757DA5E-3E04-5B00-E567-872AC6D709AD}
		{F2AFAB5B-9718-16EF-988A-BBF3181D1F28} = {984BB9B3-3FA3-BE33-9484-CAC21695A33C}
		{88E5B6C1-6272-84C1-AC39-6D3AC7A529FF} = {984BB9B3-3FA3-BE33-9484-CAC21695A33C}
		{6997A046-1A35-08BD-B3B3-6C6BF6DC6F92} = {984BB9B3-3FA3-BE33-9484-CAC21695A33C}
		{2AB3B33D-F287-162E-69E2-02D2D15062ED} = {984BB9B3-3FA3-BE33-9484-CAC21695A33C}
		{D041CE2D-80C9-46FC-A7F2-E9C2786C7B76} = {2AB3B33D-F287-162E-69E2-02D2D15062ED}
		{763434D2-4616-410A-BAC5-1104D665ABE3} = {2AB3B33D-F287-162E-69E2-02D2D15062ED}
		{3D2E8631-8982-4CD8-85A8-437089729894} = {984BB9B3-3FA3-BE33-9484-CAC21695A33C}
		{0122DD01-15C9-4F2A-BD0F-5EA852DF53A6} = {D0D6B8B0-AC35-B3FA-0B96-A9B0E4A3253E}
		{9D5E2059-588B-4B4D-94BD-81D567FF67DC} = {C8E42992-5E42-0C2B-DBFE-AA848D06431C}
		{333A58A0-808E-4329-B35A-12B7AA9FBFB1} = {C8E42992-5E42-0C2B-DBFE-AA848D06431C}
		{3B2EB5DD-36C0-4901-B277-3CA493C77152} = {C8E42992-5E42-0C2B-DBFE-AA848D06431C}
		{C873B1C1-5D44-35EE-4956-496DF2C2FDD1} = {333A58A0-808E-4329-B35A-12B7AA9FBFB1}
		{5F510686-A924-C53B-67F8-5DFA51A892B7} = {984BB9B3-3FA3-BE33-9484-CAC21695A33C}
		{48712B31-BD25-40A8-930B-708E2372F605} = {5F510686-A924-C53B-67F8-5DFA51A892B7}
		{56B5C956-FB90-4D5D-AEFD-C5E001195845} = {5F510686-A924-C53B-67F8-5DFA51A892B7}
		{10BDDA80-EB9B-4E84-ACCE-7ECAABC9149E} = {5F510686-A924-C53B-67F8-5DFA51A892B7}
		{53506FF3-1087-91DB-5731-19A6F3C92276} = {0AB3BF05-4346-4AA6-1389-037BE0695223}
		{B5D9BB0E-82D7-444F-B2CD-DA94DBC47DE4} = {53506FF3-1087-91DB-5731-19A6F3C92276}
		{1A41F0C6-0E0F-4329-90D9-1B353EF8825F} = {0AB3BF05-4346-4AA6-1389-037BE0695223}
		{271E951F-AB9B-3695-587B-F1CDC16A0E7A} = {4353066B-F410-E540-F593-55E469B78A5F}
		{CA6C47C3-27DF-49CC-BFC6-E1199DB153ED} = {271E951F-AB9B-3695-587B-F1CDC16A0E7A}
	EndGlobalSection
	GlobalSection(ExtensibilityGlobals) = postSolution
		SolutionGuid = {2AC67956-C903-4CB8-B7A7-1F0FEE2E620E}
	EndGlobalSection
EndGlobal
